// !$*UTF8*$!
{
	archiveVersion = 1;
	classes = {
	};
	objectVersion = 46;
	objects = {

/* Begin PBXBuildFile section */
		81062ECB151848BB00A9B040 /* main.cpp in Sources */ = {isa = PBXBuildFile; fileRef = 81062ECA151848BB00A9B040 /* main.cpp */; };
		81062ECD151848BB00A9B040 /* ImageMagickTest.1 in CopyFiles */ = {isa = PBXBuildFile; fileRef = 81062ECC151848BB00A9B040 /* ImageMagickTest.1 */; };
/* End PBXBuildFile section */

/* Begin PBXCopyFilesBuildPhase section */
		81062EC4151848BB00A9B040 /* CopyFiles */ = {
			isa = PBXCopyFilesBuildPhase;
			buildActionMask = 2147483647;
			dstPath = /usr/share/man/man1/;
			dstSubfolderSpec = 0;
			files = (
				81062ECD151848BB00A9B040 /* ImageMagickTest.1 in CopyFiles */,
			);
			runOnlyForDeploymentPostprocessing = 1;
		};
/* End PBXCopyFilesBuildPhase section */

/* Begin PBXFileReference section */
		81062EC6151848BB00A9B040 /* ImageMagickTest */ = {isa = PBXFileReference; explicitFileType = "compiled.mach-o.executable"; includeInIndex = 0; path = ImageMagickTest; sourceTree = BUILT_PRODUCTS_DIR; };
		81062ECA151848BB00A9B040 /* main.cpp */ = {isa = PBXFileReference; lastKnownFileType = sourcecode.cpp.cpp; path = main.cpp; sourceTree = "<group>"; };
		81062ECC151848BB00A9B040 /* ImageMagickTest.1 */ = {isa = PBXFileReference; lastKnownFileType = text.man; path = ImageMagickTest.1; sourceTree = "<group>"; };
/* End PBXFileReference section */

/* Begin PBXFrameworksBuildPhase section */
		81062EC3151848BB00A9B040 /* Frameworks */ = {
			isa = PBXFrameworksBuildPhase;
			buildActionMask = 2147483647;
			files = (
			);
			runOnlyForDeploymentPostprocessing = 0;
		};
/* End PBXFrameworksBuildPhase section */

/* Begin PBXGroup section */
		81062EBB151848BB00A9B040 = {
			isa = PBXGroup;
			children = (
				81062EC9151848BB00A9B040 /* ImageMagickTest */,
				81062EC7151848BB00A9B040 /* Products */,
			);
			sourceTree = "<group>";
		};
		81062EC7151848BB00A9B040 /* Products */ = {
			isa = PBXGroup;
			children = (
				81062EC6151848BB00A9B040 /* ImageMagickTest */,
			);
			name = Products;
			sourceTree = "<group>";
		};
		81062EC9151848BB00A9B040 /* ImageMagickTest */ = {
			isa = PBXGroup;
			children = (
				81062ECA151848BB00A9B040 /* main.cpp */,
				81062ECC151848BB00A9B040 /* ImageMagickTest.1 */,
			);
			path = ImageMagickTest;
			sourceTree = "<group>";
		};
/* End PBXGroup section */

/* Begin PBXNativeTarget section */
		81062EC5151848BB00A9B040 /* ImageMagickTest */ = {
			isa = PBXNativeTarget;
			buildConfigurationList = 81062ED0151848BB00A9B040 /* Build configuration list for PBXNativeTarget "ImageMagickTest" */;
			buildPhases = (
				81062EC2151848BB00A9B040 /* Sources */,
				81062EC3151848BB00A9B040 /* Frameworks */,
				81062EC4151848BB00A9B040 /* CopyFiles */,
			);
			buildRules = (
			);
			dependencies = (
			);
			name = ImageMagickTest;
			productName = ImageMagickTest;
			productReference = 81062EC6151848BB00A9B040 /* ImageMagickTest */;
			productType = "com.apple.product-type.tool";
		};
/* End PBXNativeTarget section */

/* Begin PBXProject section */
		81062EBD151848BB00A9B040 /* Project object */ = {
			isa = PBXProject;
			attributes = {
				LastUpgradeCheck = 0430;
				ORGANIZATIONNAME = "Koichi Onoue";
			};
			buildConfigurationList = 81062EC0151848BB00A9B040 /* Build configuration list for PBXProject "ImageMagickTest" */;
			compatibilityVersion = "Xcode 3.2";
			developmentRegion = English;
			hasScannedForEncodings = 0;
			knownRegions = (
				en,
			);
			mainGroup = 81062EBB151848BB00A9B040;
			productRefGroup = 81062EC7151848BB00A9B040 /* Products */;
			projectDirPath = "";
			projectRoot = "";
			targets = (
				81062EC5151848BB00A9B040 /* ImageMagickTest */,
			);
		};
/* End PBXProject section */

/* Begin PBXSourcesBuildPhase section */
		81062EC2151848BB00A9B040 /* Sources */ = {
			isa = PBXSourcesBuildPhase;
			buildActionMask = 2147483647;
			files = (
				81062ECB151848BB00A9B040 /* main.cpp in Sources */,
			);
			runOnlyForDeploymentPostprocessing = 0;
		};
/* End PBXSourcesBuildPhase section */

/* Begin XCBuildConfiguration section */
		81062ECE151848BB00A9B040 /* Debug */ = {
			isa = XCBuildConfiguration;
			buildSettings = {
				ALWAYS_SEARCH_USER_PATHS = NO;
				ARCHS = "$(ARCHS_STANDARD_64_BIT)";
				CLANG_ENABLE_OBJC_ARC = YES;
				COPY_PHASE_STRIP = NO;
				GCC_C_LANGUAGE_STANDARD = gnu99;
				GCC_DYNAMIC_NO_PIC = NO;
				GCC_ENABLE_OBJC_EXCEPTIONS = YES;
				GCC_OPTIMIZATION_LEVEL = 0;
				GCC_PREPROCESSOR_DEFINITIONS = (
					"DEBUG=1",
					"$(inherited)",
				);
				GCC_SYMBOLS_PRIVATE_EXTERN = NO;
				GCC_VERSION = com.apple.compilers.llvm.clang.1_0;
				GCC_WARN_64_TO_32_BIT_CONVERSION = YES;
				GCC_WARN_ABOUT_RETURN_TYPE = YES;
				GCC_WARN_UNINITIALIZED_AUTOS = YES;
				GCC_WARN_UNUSED_VARIABLE = YES;
				MACOSX_DEPLOYMENT_TARGET = 10.7;
				ONLY_ACTIVE_ARCH = YES;
				SDKROOT = macosx;
			};
			name = Debug;
		};
		81062ECF151848BB00A9B040 /* Release */ = {
			isa = XCBuildConfiguration;
			buildSettings = {
				ALWAYS_SEARCH_USER_PATHS = NO;
				ARCHS = "$(ARCHS_STANDARD_64_BIT)";
				CLANG_ENABLE_OBJC_ARC = YES;
				COPY_PHASE_STRIP = YES;
				DEBUG_INFORMATION_FORMAT = "dwarf-with-dsym";
				GCC_C_LANGUAGE_STANDARD = gnu99;
				GCC_ENABLE_OBJC_EXCEPTIONS = YES;
				GCC_VERSION = com.apple.compilers.llvm.clang.1_0;
				GCC_WARN_64_TO_32_BIT_CONVERSION = YES;
				GCC_WARN_ABOUT_RETURN_TYPE = YES;
				GCC_WARN_UNINITIALIZED_AUTOS = YES;
				GCC_WARN_UNUSED_VARIABLE = YES;
				MACOSX_DEPLOYMENT_TARGET = 10.7;
				SDKROOT = macosx;
			};
			name = Release;
		};
		81062ED1151848BB00A9B040 /* Debug */ = {
			isa = XCBuildConfiguration;
			buildSettings = {
				PRODUCT_NAME = "$(TARGET_NAME)";
			};
			name = Debug;
		};
		81062ED2151848BB00A9B040 /* Release */ = {
			isa = XCBuildConfiguration;
			buildSettings = {
				PRODUCT_NAME = "$(TARGET_NAME)";
			};
			name = Release;
		};
/* End XCBuildConfiguration section */

/* Begin XCConfigurationList section */
		81062EC0151848BB00A9B040 /* Build configuration list for PBXProject "ImageMagickTest" */ = {
			isa = XCConfigurationList;
			buildConfigurations = (
				81062ECE151848BB00A9B040 /* Debug */,
				81062ECF151848BB00A9B040 /* Release */,
			);
			defaultConfigurationIsVisible = 0;
			defaultConfigurationName = Release;
		};
		81062ED0151848BB00A9B040 /* Build configuration list for PBXNativeTarget "ImageMagickTest" */ = {
			isa = XCConfigurationList;
			buildConfigurations = (
				81062ED1151848BB00A9B040 /* Debug */,
				81062ED2151848BB00A9B040 /* Release */,
			);
			defaultConfigurationIsVisible = 0;
		};
/* End XCConfigurationList section */
	};
	rootObject = 81062EBD151848BB00A9B040 /* Project object */;
}
